
Microsoft Visual Studio Solution File, Format Version 12.00
# Visual Studio 15
VisualStudioVersion = 15.0.28307.438
MinimumVisualStudioVersion = 10.0.40219.1
Project("{9A19103F-16F7-4668-BE54-9A1E7A4F7556}") = "DBDiffer", "DBDiffer\DBDiffer.csproj", "{3518973B-0518-43EC-A021-6A3DF02BEA5A}"
EndProject
Project("{9A19103F-16F7-4668-BE54-9A1E7A4F7556}") = "DBDiffer.Test", "DBDiffer.Test\DBDiffer.Test.csproj", "{2657C183-80C5-4C4E-A311-26090513CDD4}"
EndProject
Project("{2150E333-8FDC-42A3-9474-1A3956D46DE8}") = "Solution Items", "Solution Items", "{652A0203-513C-42A4-89AE-DD9BF8110ADA}"
	ProjectSection(SolutionItems) = preProject
		.editorconfig = .editorconfig
	EndProjectSection
EndProject
Global
	GlobalSection(SolutionConfigurationPlatforms) = preSolution
		Debug|Any CPU = Debug|Any CPU
		Release|Any CPU = Release|Any CPU
	EndGlobalSection
	GlobalSection(ProjectConfigurationPlatforms) = postSolution
		{3518973B-0518-43EC-A021-6A3DF02BEA5A}.Debug|Any CPU.ActiveCfg = Debug|Any CPU
		{3518973B-0518-43EC-A021-6A3DF02BEA5A}.Debug|Any CPU.Build.0 = Debug|Any CPU
		{3518973B-0518-43EC-A021-6A3DF02BEA5A}.Release|Any CPU.ActiveCfg = Release|Any CPU
		{3518973B-0518-43EC-A021-6A3DF02BEA5A}.Release|Any CPU.Build.0 = Release|Any CPU
		{2657C183-80C5-4C4E-A311-26090513CDD4}.Debug|Any CPU.ActiveCfg = Debug|Any CPU
		{2657C183-80C5-4C4E-A311-26090513CDD4}.Debug|Any CPU.Build.0 = Debug|Any CPU
		{2657C183-80C5-4C4E-A311-26090513CDD4}.Release|Any CPU.ActiveCfg = Release|Any CPU
		{2657C183-80C5-4C4E-A311-26090513CDD4}.Release|Any CPU.Build.0 = Release|Any CPU
	EndGlobalSection
	GlobalSection(SolutionProperties) = preSolution
		HideSolutionNode = FALSE
	EndGlobalSection
	GlobalSection(ExtensibilityGlobals) = postSolution
		SolutionGuid = {330D3168-733B-42A7-B929-E46335F09660}
	EndGlobalSection
EndGlobal
